{
  "name": "TaraLiftOff-project",
  "lockfileVersion": 2,
  "requires": true,
  "packages": {
    "": {
      "dependencies": {
        "ng-http-loader": "^12.0.0"
      }
    },
    "node_modules/ng-http-loader": {
      "version": "12.0.0",
      "resolved": "https://registry.npmjs.org/ng-http-loader/-/ng-http-loader-12.0.0.tgz",
      "integrity": "sha512-SEwbqgFpgUsf4xqntnD4EXMsWQWeL6fwKplPxpxOU8EdvoNe/DNwY5AKus0fu4DnDEgxuoOl6A3wA/iKjA+urA==",
      "dependencies": {
        "tslib": "^2.3.0"
      },
      "peerDependencies": {
        "rxjs": "^7.5.0"
      }
    },
    "node_modules/rxjs": {
      "version": "7.5.5",
      "resolved": "https://registry.npmjs.org/rxjs/-/rxjs-7.5.5.tgz",
      "integrity": "sha512-sy+H0pQofO95VDmFLzyaw9xNJU4KTRSwQIGM6+iG3SypAtCiLDzpeG8sJrNCWn2Up9km+KhkvTdbkrdy+yzZdw==",
      "peer": true,
      "dependencies": {
        "tslib": "^2.1.0"
      }
    },
    "node_modules/tslib": {
      "version": "2.4.0",
      "resolved": "https://registry.npmjs.org/tslib/-/tslib-2.4.0.tgz",
      "integrity": "sha512-d6xOpEDfsi2CZVlPQzGeux8XMwLT9hssAsaPYExaQMuYskwb+x1x7J371tWlbBdWHroy99KnVB6qIkUbs5X3UQ=="
    }
  },
  "dependencies": {
    "ng-http-loader": {
      "version": "12.0.0",
      "resolved": "https://registry.npmjs.org/ng-http-loader/-/ng-http-loader-12.0.0.tgz",
      "integrity": "sha512-SEwbqgFpgUsf4xqntnD4EXMsWQWeL6fwKplPxpxOU8EdvoNe/DNwY5AKus0fu4DnDEgxuoOl6A3wA/iKjA+urA==",
      "requires": {
        "tslib": "^2.3.0"
      }
    },
    "rxjs": {
      "version": "7.5.5",
      "resolved": "https://registry.npmjs.org/rxjs/-/rxjs-7.5.5.tgz",
      "integrity": "sha512-sy+H0pQofO95VDmFLzyaw9xNJU4KTRSwQIGM6+iG3SypAtCiLDzpeG8sJrNCWn2Up9km+KhkvTdbkrdy+yzZdw==",
      "peer": true,
      "requires": {
        "tslib": "^2.1.0"
      }
    },
    "tslib": {
      "version": "2.4.0",
      "resolved": "https://registry.npmjs.org/tslib/-/tslib-2.4.0.tgz",
      "integrity": "sha512-d6xOpEDfsi2CZVlPQzGeux8XMwLT9hssAsaPYExaQMuYskwb+x1x7J371tWlbBdWHroy99KnVB6qIkUbs5X3UQ=="
    }
  }
}
